
Microsoft Visual Studio Solution File, Format Version 12.00
# Visual Studio 15
Project("{FAE04EC0-301F-11D3-BF4B-00C04F79EFBC}") = "SolidSoft.AMFCore", "SolidSoft.AMFCore.csproj", "{E25676A1-4A56-416D-8CBB-5B2DFEFF669F}"
EndProject
Global
	GlobalSection(SolutionConfigurationPlatforms) = preSolution
		Debug|Any CPU = Debug|Any CPU
		Release|Any CPU = Release|Any CPU
	EndGlobalSection
	GlobalSection(ProjectConfigurationPlatforms) = postSolution
		{E25676A1-4A56-416D-8CBB-5B2DFEFF669F}.Debug|Any CPU.ActiveCfg = Debug|Any CPU
		{E25676A1-4A56-416D-8CBB-5B2DFEFF669F}.Debug|Any CPU.Build.0 = Debug|Any CPU
		{E25676A1-4A56-416D-8CBB-5B2DFEFF669F}.Release|Any CPU.ActiveCfg = Release|Any CPU
		{E25676A1-4A56-416D-8CBB-5B2DFEFF669F}.Release|Any CPU.Build.0 = Release|Any CPU
	EndGlobalSection
EndGlobal
